
Microsoft Visual Studio Solution File, Format Version 12.00
# Visual Studio 14
VisualStudioVersion = 14.0.25420.1
MinimumVisualStudioVersion = 10.0.40219.1
Project("{FAE04EC0-301F-11D3-BF4B-00C04F79EFBC}") = "ChartService", "ChartService\ChartService.csproj", "{32ACE81B-FAFF-4F89-8875-99A6EE6CD461}"
EndProject
Project("{FAE04EC0-301F-11D3-BF4B-00C04F79EFBC}") = "WPF_Modern_Chart_Client", "WPF_Modern_Chart_Client\WPF_Modern_Chart_Client.csproj", "{F542814E-957D-48A7-91B2-E72DE75D529C}"
EndProject
Global
	GlobalSection(SolutionConfigurationPlatforms) = preSolution
		Debug|Any CPU = Debug|Any CPU
		Release|Any CPU = Release|Any CPU
	EndGlobalSection
	GlobalSection(ProjectConfigurationPlatforms) = postSolution
		{32ACE81B-FAFF-4F89-8875-99A6EE6CD461}.Debug|Any CPU.ActiveCfg = Debug|Any CPU
		{32ACE81B-FAFF-4F89-8875-99A6EE6CD461}.Debug|Any CPU.Build.0 = Debug|Any CPU
		{32ACE81B-FAFF-4F89-8875-99A6EE6CD461}.Release|Any CPU.ActiveCfg = Release|Any CPU
		{32ACE81B-FAFF-4F89-8875-99A6EE6CD461}.Release|Any CPU.Build.0 = Release|Any CPU
		{F542814E-957D-48A7-91B2-E72DE75D529C}.Debug|Any CPU.ActiveCfg = Debug|Any CPU
		{F542814E-957D-48A7-91B2-E72DE75D529C}.Debug|Any CPU.Build.0 = Debug|Any CPU
		{F542814E-957D-48A7-91B2-E72DE75D529C}.Release|Any CPU.ActiveCfg = Release|Any CPU
		{F542814E-957D-48A7-91B2-E72DE75D529C}.Release|Any CPU.Build.0 = Release|Any CPU
	EndGlobalSection
	GlobalSection(SolutionProperties) = preSolution
		HideSolutionNode = FALSE
	EndGlobalSection
EndGlobal
